
Microsoft Visual Studio Solution File, Format Version 12.00
# Visual Studio Version 16
VisualStudioVersion = 16.0.31727.386
MinimumVisualStudioVersion = 10.0.40219.1
Project("{9A19103F-16F7-4668-BE54-9A1E7A4F7556}") = "Algoritmo", "Algoritmo\Algoritmo.csproj", "{C33D98C3-FF80-4B36-B8C1-810C63B0E4B8}"
EndProject
Global
	GlobalSection(SolutionConfigurationPlatforms) = preSolution
		Debug|Any CPU = Debug|Any CPU
		Release|Any CPU = Release|Any CPU
	EndGlobalSection
	GlobalSection(ProjectConfigurationPlatforms) = postSolution
		{C33D98C3-FF80-4B36-B8C1-810C63B0E4B8}.Debug|Any CPU.ActiveCfg = Debug|Any CPU
		{C33D98C3-FF80-4B36-B8C1-810C63B0E4B8}.Debug|Any CPU.Build.0 = Debug|Any CPU
		{C33D98C3-FF80-4B36-B8C1-810C63B0E4B8}.Release|Any CPU.ActiveCfg = Release|Any CPU
		{C33D98C3-FF80-4B36-B8C1-810C63B0E4B8}.Release|Any CPU.Build.0 = Release|Any CPU
	EndGlobalSection
	GlobalSection(SolutionProperties) = preSolution
		HideSolutionNode = FALSE
	EndGlobalSection
	GlobalSection(ExtensibilityGlobals) = postSolution
		SolutionGuid = {36C5D7B6-44DC-4E26-B4F9-B6A1ABDFD192}
	EndGlobalSection
EndGlobal
